
Microsoft Visual Studio Solution File, Format Version 12.00
Project("{FAE04EC0-301F-11D3-BF4B-00C04F79EFBC}") = "Application", "Application\Application.csproj", "{191139EE-B631-4B13-AD6D-C24E2F50CAFA}"
EndProject
Project("{FAE04EC0-301F-11D3-BF4B-00C04F79EFBC}") = "TestApp", "TestApp\TestApp.csproj", "{511F8676-711E-49F1-9D96-4324B3DA2392}"
EndProject
Global
	GlobalSection(SolutionConfigurationPlatforms) = preSolution
		Debug|Any CPU = Debug|Any CPU
		Release|Any CPU = Release|Any CPU
	EndGlobalSection
	GlobalSection(ProjectConfigurationPlatforms) = postSolution
		{191139EE-B631-4B13-AD6D-C24E2F50CAFA}.Debug|Any CPU.ActiveCfg = Debug|Any CPU
		{191139EE-B631-4B13-AD6D-C24E2F50CAFA}.Debug|Any CPU.Build.0 = Debug|Any CPU
		{191139EE-B631-4B13-AD6D-C24E2F50CAFA}.Release|Any CPU.ActiveCfg = Release|Any CPU
		{191139EE-B631-4B13-AD6D-C24E2F50CAFA}.Release|Any CPU.Build.0 = Release|Any CPU
		{511F8676-711E-49F1-9D96-4324B3DA2392}.Debug|Any CPU.ActiveCfg = Debug|Any CPU
		{511F8676-711E-49F1-9D96-4324B3DA2392}.Debug|Any CPU.Build.0 = Debug|Any CPU
		{511F8676-711E-49F1-9D96-4324B3DA2392}.Release|Any CPU.ActiveCfg = Release|Any CPU
		{511F8676-711E-49F1-9D96-4324B3DA2392}.Release|Any CPU.Build.0 = Release|Any CPU
	EndGlobalSection
EndGlobal
